
Microsoft Visual Studio Solution File, Format Version 11.00
# Visual Studio 2010
Project("{FAE04EC0-301F-11D3-BF4B-00C04F79EFBC}") = "TresEnRayaWindowsPhone", "TresEnRayaWindowsPhone\TresEnRayaWindowsPhone.csproj", "{957FC08B-0CDC-4F01-94AF-74C70326FEE5}"
EndProject
Project("{FAE04EC0-301F-11D3-BF4B-00C04F79EFBC}") = "TresEnRayaXAMLDinamico", "TresEnRayaXAMLDinamico\TresEnRayaXAMLDinamico.csproj", "{9A6F40C3-2CBD-425E-9514-D04FF7C7A951}"
EndProject
Global
	GlobalSection(SolutionConfigurationPlatforms) = preSolution
		Debug|Any CPU = Debug|Any CPU
		Release|Any CPU = Release|Any CPU
	EndGlobalSection
	GlobalSection(ProjectConfigurationPlatforms) = postSolution
		{957FC08B-0CDC-4F01-94AF-74C70326FEE5}.Debug|Any CPU.ActiveCfg = Debug|Any CPU
		{957FC08B-0CDC-4F01-94AF-74C70326FEE5}.Debug|Any CPU.Build.0 = Debug|Any CPU
		{957FC08B-0CDC-4F01-94AF-74C70326FEE5}.Debug|Any CPU.Deploy.0 = Debug|Any CPU
		{957FC08B-0CDC-4F01-94AF-74C70326FEE5}.Release|Any CPU.ActiveCfg = Release|Any CPU
		{957FC08B-0CDC-4F01-94AF-74C70326FEE5}.Release|Any CPU.Build.0 = Release|Any CPU
		{957FC08B-0CDC-4F01-94AF-74C70326FEE5}.Release|Any CPU.Deploy.0 = Release|Any CPU
		{9A6F40C3-2CBD-425E-9514-D04FF7C7A951}.Debug|Any CPU.ActiveCfg = Debug|Any CPU
		{9A6F40C3-2CBD-425E-9514-D04FF7C7A951}.Debug|Any CPU.Build.0 = Debug|Any CPU
		{9A6F40C3-2CBD-425E-9514-D04FF7C7A951}.Release|Any CPU.ActiveCfg = Release|Any CPU
		{9A6F40C3-2CBD-425E-9514-D04FF7C7A951}.Release|Any CPU.Build.0 = Release|Any CPU
	EndGlobalSection
	GlobalSection(SolutionProperties) = preSolution
		HideSolutionNode = FALSE
	EndGlobalSection
EndGlobal
